
Microsoft Visual Studio Solution File, Format Version 12.00
# Visual Studio Version 17
VisualStudioVersion = 17.5.33516.290
MinimumVisualStudioVersion = 10.0.40219.1
Project("{FAE04EC0-301F-11D3-BF4B-00C04F79EFBC}") = "AirManager", "AirManager\AirManager.csproj", "{79C9307D-5D74-4A09-87B3-9DAD5216A5EF}"
EndProject
Project("{FAE04EC0-301F-11D3-BF4B-00C04F79EFBC}") = "BLL", "BLL\BLL.csproj", "{74C8E73A-BB8A-49BC-AE43-17FEAD11EE04}"
EndProject
Project("{FAE04EC0-301F-11D3-BF4B-00C04F79EFBC}") = "DAL", "DAL\DAL.csproj", "{67D7C57F-13B4-49D1-BF05-C0D228CD42A0}"
EndProject
Global
	GlobalSection(SolutionConfigurationPlatforms) = preSolution
		Debug|Any CPU = Debug|Any CPU
		Release|Any CPU = Release|Any CPU
	EndGlobalSection
	GlobalSection(ProjectConfigurationPlatforms) = postSolution
		{79C9307D-5D74-4A09-87B3-9DAD5216A5EF}.Debug|Any CPU.ActiveCfg = Debug|Any CPU
		{79C9307D-5D74-4A09-87B3-9DAD5216A5EF}.Debug|Any CPU.Build.0 = Debug|Any CPU
		{79C9307D-5D74-4A09-87B3-9DAD5216A5EF}.Release|Any CPU.ActiveCfg = Release|Any CPU
		{79C9307D-5D74-4A09-87B3-9DAD5216A5EF}.Release|Any CPU.Build.0 = Release|Any CPU
		{74C8E73A-BB8A-49BC-AE43-17FEAD11EE04}.Debug|Any CPU.ActiveCfg = Debug|Any CPU
		{74C8E73A-BB8A-49BC-AE43-17FEAD11EE04}.Debug|Any CPU.Build.0 = Debug|Any CPU
		{74C8E73A-BB8A-49BC-AE43-17FEAD11EE04}.Release|Any CPU.ActiveCfg = Release|Any CPU
		{74C8E73A-BB8A-49BC-AE43-17FEAD11EE04}.Release|Any CPU.Build.0 = Release|Any CPU
		{67D7C57F-13B4-49D1-BF05-C0D228CD42A0}.Debug|Any CPU.ActiveCfg = Debug|Any CPU
		{67D7C57F-13B4-49D1-BF05-C0D228CD42A0}.Debug|Any CPU.Build.0 = Debug|Any CPU
		{67D7C57F-13B4-49D1-BF05-C0D228CD42A0}.Release|Any CPU.ActiveCfg = Release|Any CPU
		{67D7C57F-13B4-49D1-BF05-C0D228CD42A0}.Release|Any CPU.Build.0 = Release|Any CPU
	EndGlobalSection
	GlobalSection(SolutionProperties) = preSolution
		HideSolutionNode = FALSE
	EndGlobalSection
	GlobalSection(ExtensibilityGlobals) = postSolution
		SolutionGuid = {AB22DDFF-ECC5-468F-B9C6-14CF1C78C5C1}
	EndGlobalSection
EndGlobal
